
Microsoft Visual Studio Solution File, Format Version 12.00
# Visual Studio 15
VisualStudioVersion = 15.0.26730.16
MinimumVisualStudioVersion = 10.0.40219.1
Project("{FAE04EC0-301F-11D3-BF4B-00C04F79EFBC}") = "JustRipe_Farm", "JustRipe_Farm\JustRipe_Farm.csproj", "{F252C34A-AD06-4F7A-9DE6-30FCA52BDB0B}"
EndProject
Project("{FAE04EC0-301F-11D3-BF4B-00C04F79EFBC}") = "JustRipeFarmUnitTest", "JustRipeFarmUnitTest\JustRipeFarmUnitTest.csproj", "{8C1E9DD6-D2F5-4E03-AF20-6B7CB4C804CC}"
EndProject
Global
	GlobalSection(SolutionConfigurationPlatforms) = preSolution
		Debug|Any CPU = Debug|Any CPU
		Release|Any CPU = Release|Any CPU
	EndGlobalSection
	GlobalSection(ProjectConfigurationPlatforms) = postSolution
		{F252C34A-AD06-4F7A-9DE6-30FCA52BDB0B}.Debug|Any CPU.ActiveCfg = Debug|Any CPU
		{F252C34A-AD06-4F7A-9DE6-30FCA52BDB0B}.Debug|Any CPU.Build.0 = Debug|Any CPU
		{F252C34A-AD06-4F7A-9DE6-30FCA52BDB0B}.Release|Any CPU.ActiveCfg = Release|Any CPU
		{F252C34A-AD06-4F7A-9DE6-30FCA52BDB0B}.Release|Any CPU.Build.0 = Release|Any CPU
		{8C1E9DD6-D2F5-4E03-AF20-6B7CB4C804CC}.Debug|Any CPU.ActiveCfg = Debug|Any CPU
		{8C1E9DD6-D2F5-4E03-AF20-6B7CB4C804CC}.Debug|Any CPU.Build.0 = Debug|Any CPU
		{8C1E9DD6-D2F5-4E03-AF20-6B7CB4C804CC}.Release|Any CPU.ActiveCfg = Release|Any CPU
		{8C1E9DD6-D2F5-4E03-AF20-6B7CB4C804CC}.Release|Any CPU.Build.0 = Release|Any CPU
	EndGlobalSection
	GlobalSection(SolutionProperties) = preSolution
		HideSolutionNode = FALSE
	EndGlobalSection
	GlobalSection(ExtensibilityGlobals) = postSolution
		SolutionGuid = {F15E3A6A-282B-446C-9B76-091806CAD82A}
	EndGlobalSection
EndGlobal
